{
    "_meta": {
        "hash": {
            "sha256": "90a072d7c6818e958252f73dd36d163a690ee92d4bf727c0f18da430daca3bfe"
        },
        "requires": {
            "python_version": "3.6"
        },
        "sources": [
            {
                "url": "https://pypi.python.org/simple",
                "verify_ssl": true
            }
        ]
    },
    "default": {
        "dj-database-url": {
            "version": "==0.5.0"
        },
        "django": {
            "version": "==1.11.13"
        },
        "django-geojson": {
            "version": "==2.11.0"
        },
        "django-leaflet": {
            "version": "==0.23.0"
        },
        "gunicorn": {
            "version": "==19.8.1"
        },
        "jsonfield": {
            "version": "==2.0.2"
        },
        "pillow": {
            "version": "==5.1.0"
        },
        "psycopg2": {
            "version": "==2.7.4"
        },
        "pytz": {
            "version": "==2018.4"
        },
        "six": {
            "version": "==1.11.0"
        },
        "whitenoise": {
            "version": "==3.3.1"
        }
    },
    "develop": {}
}
