{
    "_meta": {
        "hash": {
            "sha256": "672068ef2a5066e124ff6b22ace691b3a0faf90a6400454d5a1153334d2657a8"
        },
        "requires": {
            "python_version": "3.6"
        },
        "sources": [
            {
                "url": "https://pypi.python.org/simple",
                "verify_ssl": true
            }
        ]
    },
    "default": {
        "dj-database-url": {
            "version": "==0.5.0"
        },
        "django": {
            "version": "==1.11.13"
        },
        "django-geojson": {
            "version": "==2.11.0"
        },
        "django-leaflet": {
            "version": "==0.23.0"
        },
        "gunicorn": {
            "version": "==19.8.1"
        },
        "jsonfield": {
            "version": "==2.0.2"
        },
        "psycopg2": {
            "version": "==2.7.4"
        },
        "pytz": {
            "version": "==2018.4"
        },
        "whitenoise": {
            "version": "==3.3.1"
        }
    },
    "develop": {}
}
